
Microsoft Visual Studio Solution File, Format Version 12.00
# Visual Studio Version 17
VisualStudioVersion = 17.5.002.0
MinimumVisualStudioVersion = 10.0.40219.1
Project("{9A19103F-16F7-4668-BE54-9A1E7A4F7556}") = "exel_reader", "exel_reader.csproj", "{DACF40A3-138C-45CD-89E6-947A34031C7B}"
EndProject
Global
	GlobalSection(SolutionConfigurationPlatforms) = preSolution
		Debug|Any CPU = Debug|Any CPU
		Release|Any CPU = Release|Any CPU
	EndGlobalSection
	GlobalSection(ProjectConfigurationPlatforms) = postSolution
		{DACF40A3-138C-45CD-89E6-947A34031C7B}.Debug|Any CPU.ActiveCfg = Debug|Any CPU
		{DACF40A3-138C-45CD-89E6-947A34031C7B}.Debug|Any CPU.Build.0 = Debug|Any CPU
		{DACF40A3-138C-45CD-89E6-947A34031C7B}.Release|Any CPU.ActiveCfg = Release|Any CPU
		{DACF40A3-138C-45CD-89E6-947A34031C7B}.Release|Any CPU.Build.0 = Release|Any CPU
	EndGlobalSection
	GlobalSection(SolutionProperties) = preSolution
		HideSolutionNode = FALSE
	EndGlobalSection
	GlobalSection(ExtensibilityGlobals) = postSolution
		SolutionGuid = {441228EB-7D9C-4935-BA3B-FBF5A4D9F46C}
	EndGlobalSection
EndGlobal
