
Microsoft Visual Studio Solution File, Format Version 12.00
# Visual Studio Version 17
VisualStudioVersion = 17.5.002.0
MinimumVisualStudioVersion = 10.0.40219.1
Project("{9A19103F-16F7-4668-BE54-9A1E7A4F7556}") = "exel_reader", "exel_reader.csproj", "{87E3A6A3-36B4-459D-B8E1-A9D300AAE6B3}"
EndProject
Global
	GlobalSection(SolutionConfigurationPlatforms) = preSolution
		Debug|Any CPU = Debug|Any CPU
		Release|Any CPU = Release|Any CPU
	EndGlobalSection
	GlobalSection(ProjectConfigurationPlatforms) = postSolution
		{87E3A6A3-36B4-459D-B8E1-A9D300AAE6B3}.Debug|Any CPU.ActiveCfg = Debug|Any CPU
		{87E3A6A3-36B4-459D-B8E1-A9D300AAE6B3}.Debug|Any CPU.Build.0 = Debug|Any CPU
		{87E3A6A3-36B4-459D-B8E1-A9D300AAE6B3}.Release|Any CPU.ActiveCfg = Release|Any CPU
		{87E3A6A3-36B4-459D-B8E1-A9D300AAE6B3}.Release|Any CPU.Build.0 = Release|Any CPU
	EndGlobalSection
	GlobalSection(SolutionProperties) = preSolution
		HideSolutionNode = FALSE
	EndGlobalSection
	GlobalSection(ExtensibilityGlobals) = postSolution
		SolutionGuid = {441228EB-7D9C-4935-BA3B-FBF5A4D9F46C}
	EndGlobalSection
EndGlobal
